{
  "requires": true,
  "lockfileVersion": 1,
  "dependencies": {
    "karma-chai": {
      "version": "0.1.0",
      "resolved": "https://registry.npmjs.org/karma-chai/-/karma-chai-0.1.0.tgz",
      "integrity": "sha1-vuWtQEAFF4Ea40u5RfdikJEIt5o="
    },
    "karma-mocha": {
      "version": "2.0.1",
      "resolved": "https://registry.npmjs.org/karma-mocha/-/karma-mocha-2.0.1.tgz",
      "integrity": "sha512-Tzd5HBjm8his2OA4bouAsATYEpZrp9vC7z5E5j4C5Of5Rrs1jY67RAwXNcVmd/Bnk1wgvQRou0zGVLey44G4tQ==",
      "dev": true,
      "requires": {
        "minimist": "^1.2.3"
      }
    },
    "minimist": {
      "version": "1.2.5",
      "resolved": "https://registry.npmjs.org/minimist/-/minimist-1.2.5.tgz",
      "integrity": "sha512-FM9nNUYrRBAELZQT3xeZQ7fmMOBg6nWNmJKTcgsJeaLstP/UODVpGsr5OhXhhXg6f+qtJ8uiZ+PUxkDWcgIXLw=="
    },
    "vue": {
      "version": "2.6.12",
      "resolved": "https://registry.npmjs.org/vue/-/vue-2.6.12.tgz",
      "integrity": "sha512-uhmLFETqPPNyuLLbsKz6ioJ4q7AZHzD8ZVFNATNyICSZouqP2Sz0rotWQC8UNBF6VGSCs5abnKJoStA6JbCbfg=="
    }
  }
}
